filippo.io/edwards25519 v1.2.0 h1:crnVqOiS4jqYleHd9vaKZ+HKtHfllngJIiOpNpoJsjo=
filippo.io/edwards25519 v1.2.0/go.mod h1:xzAOLCNug/yB62zG1bQ8uziwrIqIuxhctzJT18Q77mc=
github.com/frostgrove/vv v0.0.0-20260829132449-bc1e4c0b1038 h1:jKhT9M3mGYduXu2PxnmIfJhnk0KNaR7K2paKpRrOCVI=
github.com/frostgrove/vv v0.0.0-20260829132449-bc1e4c0b1038/go.mod h1:UFEB/ZnGrDmtqwYD0vPgCNYnWelZMD9OV56zh8BgSic=
github.com/golang-jwt/jwt/v5 v5.3.1 h1:kYf81DTWFe7t+1VvL7eS+jKFVWaUnK9cB1qbwn63YCY=
github.com/golang-jwt/jwt/v5 v5.3.1/go.mod h1:fxCRLWMO43lRc8nhHWY6LGqRcf+1gQWArsqaEUEa5bE=
