github.com/frostgrove/vv v0.0.0-20260826140305-8277e85cbd9c h1:TBczAlIcD+9iu7T3VrzAbCyY+f8IAVs7KAhdniQTmZ8=
github.com/frostgrove/vv v0.0.0-20260826140305-8277e85cbd9c/go.mod h1:UFEB/ZnGrDmtqwYD0vPgCNYnWelZMD9OV56zh8BgSic=
github.com/frostgrove/vv v0.0.0-20260827054409-4c5d26cca3c4 h1:guH3qezyLc1LQWLJsXTNKVcR1o/DQ1OGUbEnIPuj0pg=
github.com/frostgrove/vv v0.0.0-20260827054409-4c5d26cca3c4/go.mod h1:UFEB/ZnGrDmtqwYD0vPgCNYnWelZMD9OV56zh8BgSic=
github.com/frostgrove/vv v0.0.0-20260827054915-979f9cb9cfb6 h1:iKeZfx6NlJeBJRTECoz5N133Lw4uycFILcwqQjObi48=
github.com/frostgrove/vv v0.0.0-20260827054915-979f9cb9cfb6/go.mod h1:UFEB/ZnGrDmtqwYD0vPgCNYnWelZMD9OV56zh8BgSic=
github.com/frostgrove/vv v0.0.0-20260827071144-9d6c18705a6c h1:RQZBdGPxjQFe2T84WpRLGD5kQhF+p1OXgBMzEEo6INY=
github.com/frostgrove/vv v0.0.0-20260827071144-9d6c18705a6c/go.mod h1:UFEB/ZnGrDmtqwYD0vPgCNYnWelZMD9OV56zh8BgSic=
github.com/frostgrove/vv v0.0.0-20260827071218-0d9a984dbd1b h1:QJc4wRUgokm12O8HmsxZ+GBg3jxnwkVLpw6faLSP9iM=
github.com/frostgrove/vv v0.0.0-20260827071218-0d9a984dbd1b/go.mod h1:UFEB/ZnGrDmtqwYD0vPgCNYnWelZMD9OV56zh8BgSic=
github.com/frostgrove/vv v0.0.0-20260827101522-0cd9a2220038 h1:D4mC6F8kE0cx6R7fACKeJ9bJC45pI9zr9nlysp0WAlI=
github.com/frostgrove/vv v0.0.0-20260827101522-0cd9a2220038/go.mod h1:UFEB/ZnGrDmtqwYD0vPgCNYnWelZMD9OV56zh8BgSic=
github.com/golang-jwt/jwt/v5 v5.3.1 h1:kYf81DTWFe7t+1VvL7eS+jKFVWaUnK9cB1qbwn63YCY=
github.com/golang-jwt/jwt/v5 v5.3.1/go.mod h1:fxCRLWMO43lRc8nhHWY6LGqRcf+1gQWArsqaEUEa5bE=
